
Microsoft Visual Studio Solution File, Format Version 12.00
# Visual Studio Version 16
VisualStudioVersion = 16.0.30804.86
MinimumVisualStudioVersion = 10.0.40219.1
Project("{FAE04EC0-301F-11D3-BF4B-00C04F79EFBC}") = "BatchService", "BatchService\BatchService.csproj", "{61872E82-7CA0-4304-BA14-12104469DDCC}"
EndProject
Global
	GlobalSection(SolutionConfigurationPlatforms) = preSolution
		Debug|Any CPU = Debug|Any CPU
		Release|Any CPU = Release|Any CPU
	EndGlobalSection
	GlobalSection(ProjectConfigurationPlatforms) = postSolution
		{61872E82-7CA0-4304-BA14-12104469DDCC}.Debug|Any CPU.ActiveCfg = Debug|Any CPU
		{61872E82-7CA0-4304-BA14-12104469DDCC}.Debug|Any CPU.Build.0 = Debug|Any CPU
		{61872E82-7CA0-4304-BA14-12104469DDCC}.Release|Any CPU.ActiveCfg = Release|Any CPU
		{61872E82-7CA0-4304-BA14-12104469DDCC}.Release|Any CPU.Build.0 = Release|Any CPU
	EndGlobalSection
	GlobalSection(SolutionProperties) = preSolution
		HideSolutionNode = FALSE
	EndGlobalSection
	GlobalSection(ExtensibilityGlobals) = postSolution
		SolutionGuid = {5BDA916C-2C34-45B9-AE18-0915FB438DF0}
	EndGlobalSection
EndGlobal
